
Microsoft Visual Studio Solution File, Format Version 12.00
# Visual Studio Version 17
VisualStudioVersion = 17.7.33927.210
MinimumVisualStudioVersion = 10.0.40219.1
Project("{9A19103F-16F7-4668-BE54-9A1E7A4F7556}") = "ElegantRobotRover.Console", "ElegantRobotRover.Console\ElegantRobotRover.Console.csproj", "{3F83CA52-14D8-4CAB-8B27-792CBD1BD94C}"
EndProject
Project("{9A19103F-16F7-4668-BE54-9A1E7A4F7556}") = "Domain", "Domain\Domain.csproj", "{9ABB201B-938A-4FB9-A398-6A1EE97E6EAF}"
EndProject
Project("{9A19103F-16F7-4668-BE54-9A1E7A4F7556}") = "Infrastructure", "Infrastructure\Infrastructure.csproj", "{3BFDE048-F41E-45A6-8559-18D53B3AFC66}"
EndProject
Project("{9A19103F-16F7-4668-BE54-9A1E7A4F7556}") = "Tests", "Tests\Tests.csproj", "{AC15AA0D-6310-411A-819A-E1C792D21D9D}"
EndProject
Project("{E53339B2-1760-4266-BCC7-CA923CBCF16C}") = "docker-compose", "docker-compose.dcproj", "{AE78B26C-5505-4DEC-B2E4-5B7497296B47}"
EndProject
Global
	GlobalSection(SolutionConfigurationPlatforms) = preSolution
		Debug|Any CPU = Debug|Any CPU
		Release|Any CPU = Release|Any CPU
	EndGlobalSection
	GlobalSection(ProjectConfigurationPlatforms) = postSolution
		{3F83CA52-14D8-4CAB-8B27-792CBD1BD94C}.Debug|Any CPU.ActiveCfg = Debug|Any CPU
		{3F83CA52-14D8-4CAB-8B27-792CBD1BD94C}.Debug|Any CPU.Build.0 = Debug|Any CPU
		{3F83CA52-14D8-4CAB-8B27-792CBD1BD94C}.Release|Any CPU.ActiveCfg = Release|Any CPU
		{3F83CA52-14D8-4CAB-8B27-792CBD1BD94C}.Release|Any CPU.Build.0 = Release|Any CPU
		{9ABB201B-938A-4FB9-A398-6A1EE97E6EAF}.Debug|Any CPU.ActiveCfg = Debug|Any CPU
		{9ABB201B-938A-4FB9-A398-6A1EE97E6EAF}.Debug|Any CPU.Build.0 = Debug|Any CPU
		{9ABB201B-938A-4FB9-A398-6A1EE97E6EAF}.Release|Any CPU.ActiveCfg = Release|Any CPU
		{9ABB201B-938A-4FB9-A398-6A1EE97E6EAF}.Release|Any CPU.Build.0 = Release|Any CPU
		{3BFDE048-F41E-45A6-8559-18D53B3AFC66}.Debug|Any CPU.ActiveCfg = Debug|Any CPU
		{3BFDE048-F41E-45A6-8559-18D53B3AFC66}.Debug|Any CPU.Build.0 = Debug|Any CPU
		{3BFDE048-F41E-45A6-8559-18D53B3AFC66}.Release|Any CPU.ActiveCfg = Release|Any CPU
		{3BFDE048-F41E-45A6-8559-18D53B3AFC66}.Release|Any CPU.Build.0 = Release|Any CPU
		{AC15AA0D-6310-411A-819A-E1C792D21D9D}.Debug|Any CPU.ActiveCfg = Debug|Any CPU
		{AC15AA0D-6310-411A-819A-E1C792D21D9D}.Debug|Any CPU.Build.0 = Debug|Any CPU
		{AC15AA0D-6310-411A-819A-E1C792D21D9D}.Release|Any CPU.ActiveCfg = Release|Any CPU
		{AC15AA0D-6310-411A-819A-E1C792D21D9D}.Release|Any CPU.Build.0 = Release|Any CPU
		{AE78B26C-5505-4DEC-B2E4-5B7497296B47}.Debug|Any CPU.ActiveCfg = Debug|Any CPU
		{AE78B26C-5505-4DEC-B2E4-5B7497296B47}.Debug|Any CPU.Build.0 = Debug|Any CPU
		{AE78B26C-5505-4DEC-B2E4-5B7497296B47}.Release|Any CPU.ActiveCfg = Release|Any CPU
		{AE78B26C-5505-4DEC-B2E4-5B7497296B47}.Release|Any CPU.Build.0 = Release|Any CPU
	EndGlobalSection
	GlobalSection(SolutionProperties) = preSolution
		HideSolutionNode = FALSE
	EndGlobalSection
EndGlobal
