
Microsoft Visual Studio Solution File, Format Version 12.00
Project("{FAE04EC0-301F-11D3-BF4B-00C04F79EFBC}") = "ElegantRobotRover", "ElegantRobotRover\ElegantRobotRover.csproj", "{3F83CA52-14D8-4CAB-8B27-792CBD1BD94C}"
EndProject
Global
	GlobalSection(SolutionConfigurationPlatforms) = preSolution
		Debug|Any CPU = Debug|Any CPU
		Release|Any CPU = Release|Any CPU
	EndGlobalSection
	GlobalSection(ProjectConfigurationPlatforms) = postSolution
		{3F83CA52-14D8-4CAB-8B27-792CBD1BD94C}.Debug|Any CPU.ActiveCfg = Debug|Any CPU
		{3F83CA52-14D8-4CAB-8B27-792CBD1BD94C}.Debug|Any CPU.Build.0 = Debug|Any CPU
		{3F83CA52-14D8-4CAB-8B27-792CBD1BD94C}.Release|Any CPU.ActiveCfg = Release|Any CPU
		{3F83CA52-14D8-4CAB-8B27-792CBD1BD94C}.Release|Any CPU.Build.0 = Release|Any CPU
	EndGlobalSection
EndGlobal
